
Microsoft Visual Studio Solution File, Format Version 12.00
# Visual Studio Version 17
VisualStudioVersion = 17.2.32630.192
MinimumVisualStudioVersion = 10.0.40219.1
Project("{FAE04EC0-301F-11D3-BF4B-00C04F79EFBC}") = "SkillFactory", "SkillFactory\SkillFactory.csproj", "{8FF4FF5A-B956-40C3-83C7-704D6EE8A9B3}"
EndProject
Global
	GlobalSection(SolutionConfigurationPlatforms) = preSolution
		Debug|Any CPU = Debug|Any CPU
		Release|Any CPU = Release|Any CPU
	EndGlobalSection
	GlobalSection(ProjectConfigurationPlatforms) = postSolution
		{8FF4FF5A-B956-40C3-83C7-704D6EE8A9B3}.Debug|Any CPU.ActiveCfg = Debug|Any CPU
		{8FF4FF5A-B956-40C3-83C7-704D6EE8A9B3}.Debug|Any CPU.Build.0 = Debug|Any CPU
		{8FF4FF5A-B956-40C3-83C7-704D6EE8A9B3}.Release|Any CPU.ActiveCfg = Release|Any CPU
		{8FF4FF5A-B956-40C3-83C7-704D6EE8A9B3}.Release|Any CPU.Build.0 = Release|Any CPU
	EndGlobalSection
	GlobalSection(SolutionProperties) = preSolution
		HideSolutionNode = FALSE
	EndGlobalSection
	GlobalSection(ExtensibilityGlobals) = postSolution
		SolutionGuid = {A48E71A4-9F0A-4BA6-B922-365772AE22FE}
	EndGlobalSection
EndGlobal
